
Microsoft Visual Studio Solution File, Format Version 12.00
# Visual Studio 2012
Project("{FAE04EC0-301F-11D3-BF4B-00C04F79EFBC}") = "SnackPlanning.Core", "SnackPlanning.Core\SnackPlanning.Core.csproj", "{30EF486B-DE54-414E-BC05-EE29C44D41DF}"
EndProject
Global
	GlobalSection(SolutionConfigurationPlatforms) = preSolution
		Debug|Any CPU = Debug|Any CPU
		Release|Any CPU = Release|Any CPU
	EndGlobalSection
	GlobalSection(ProjectConfigurationPlatforms) = postSolution
		{30EF486B-DE54-414E-BC05-EE29C44D41DF}.Debug|Any CPU.ActiveCfg = Debug|Any CPU
		{30EF486B-DE54-414E-BC05-EE29C44D41DF}.Debug|Any CPU.Build.0 = Debug|Any CPU
		{30EF486B-DE54-414E-BC05-EE29C44D41DF}.Release|Any CPU.ActiveCfg = Release|Any CPU
		{30EF486B-DE54-414E-BC05-EE29C44D41DF}.Release|Any CPU.Build.0 = Release|Any CPU
	EndGlobalSection
EndGlobal
